// !$*UTF8*$!
{
	archiveVersion = 1;
	classes = {
	};
	objectVersion = 56;
	objects = {

/* Begin PBXBuildFile section */
		6D291018296B457A00D5E81D /* addCity.swift in Sources */ = {isa = PBXBuildFile; fileRef = 6D291017296B457A00D5E81D /* addCity.swift */; };
		6D3FB8EF29682A97008CB800 /* AppDelegate.swift in Sources */ = {isa = PBXBuildFile; fileRef = 6D3FB8EE29682A97008CB800 /* AppDelegate.swift */; };
		6D3FB8F129682A97008CB800 /* SceneDelegate.swift in Sources */ = {isa = PBXBuildFile; fileRef = 6D3FB8F029682A97008CB800 /* SceneDelegate.swift */; };
		6D3FB8F629682A97008CB800 /* Main.storyboard in Resources */ = {isa = PBXBuildFile; fileRef = 6D3FB8F429682A97008CB800 /* Main.storyboard */; };
		6D3FB8F829682A98008CB800 /* Assets.xcassets in Resources */ = {isa = PBXBuildFile; fileRef = 6D3FB8F729682A98008CB800 /* Assets.xcassets */; };
		6D3FB8FB29682A98008CB800 /* LaunchScreen.storyboard in Resources */ = {isa = PBXBuildFile; fileRef = 6D3FB8F929682A98008CB800 /* LaunchScreen.storyboard */; };
		6D3FB90629682A98008CB800 /* WeatherJunTests.swift in Sources */ = {isa = PBXBuildFile; fileRef = 6D3FB90529682A98008CB800 /* WeatherJunTests.swift */; };
		6D3FB91029682A98008CB800 /* WeatherJunUITests.swift in Sources */ = {isa = PBXBuildFile; fileRef = 6D3FB90F29682A98008CB800 /* WeatherJunUITests.swift */; };
		6D3FB91229682A98008CB800 /* WeatherJunUITestsLaunchTests.swift in Sources */ = {isa = PBXBuildFile; fileRef = 6D3FB91129682A98008CB800 /* WeatherJunUITestsLaunchTests.swift */; };
		6D3FB91F29682BC7008CB800 /* ListTVC.swift in Sources */ = {isa = PBXBuildFile; fileRef = 6D3FB91E29682BC7008CB800 /* ListTVC.swift */; };
		6D6FB92C2969866700AD6EF4 /* ListCell.swift in Sources */ = {isa = PBXBuildFile; fileRef = 6D6FB92B2969866700AD6EF4 /* ListCell.swift */; };
		6D6FB92E29698DC500AD6EF4 /* DetailVC.swift in Sources */ = {isa = PBXBuildFile; fileRef = 6D6FB92D29698DC500AD6EF4 /* DetailVC.swift */; };
		6DBC1C68296948A2002E35D4 /* Constant.swift in Sources */ = {isa = PBXBuildFile; fileRef = 6DBC1C67296948A2002E35D4 /* Constant.swift */; };
		6DBC1C6A2969496E002E35D4 /* NetworkWeatherManager.swift in Sources */ = {isa = PBXBuildFile; fileRef = 6DBC1C692969496E002E35D4 /* NetworkWeatherManager.swift */; };
		6DBC1C6C29694AF6002E35D4 /* WeatherData.swift in Sources */ = {isa = PBXBuildFile; fileRef = 6DBC1C6B29694AF6002E35D4 /* WeatherData.swift */; };
		6DBC1C6E2969501C002E35D4 /* Weather.swift in Sources */ = {isa = PBXBuildFile; fileRef = 6DBC1C6D2969501C002E35D4 /* Weather.swift */; };
		6DBC1C7029696082002E35D4 /* GetCitiesWeather.swift in Sources */ = {isa = PBXBuildFile; fileRef = 6DBC1C6F29696082002E35D4 /* GetCitiesWeather.swift */; };
		7403902E8AD78D54E06CEE5F /* Pods_WeatherJun.framework in Frameworks */ = {isa = PBXBuildFile; fileRef = 306EA8DB57767AACFC2BBB17 /* Pods_WeatherJun.framework */; };
		BF5AC138863CE8BD2011DD56 /* Pods_WeatherJun_WeatherJunUITests.framework in Frameworks */ = {isa = PBXBuildFile; fileRef = 8BEB144E1462543AC45599B5 /* Pods_WeatherJun_WeatherJunUITests.framework */; };
		E917E35CC2E1092BFCEF8C4F /* Pods_WeatherJunTests.framework in Frameworks */ = {isa = PBXBuildFile; fileRef = 31B97EA04C6DC3ECC32D84F6 /* Pods_WeatherJunTests.framework */; };
/* End PBXBuildFile section */

/* Begin PBXContainerItemProxy section */
		6D3FB90229682A98008CB800 /* PBXContainerItemProxy */ = {
			isa = PBXContainerItemProxy;
			containerPortal = 6D3FB8E329682A97008CB800 /* Project object */;
			proxyType = 1;
			remoteGlobalIDString = 6D3FB8EA29682A97008CB800;
			remoteInfo = WeatherJun;
		};
		6D3FB90C29682A98008CB800 /* PBXContainerItemProxy */ = {
			isa = PBXContainerItemProxy;
			containerPortal = 6D3FB8E329682A97008CB800 /* Project object */;
			proxyType = 1;
			remoteGlobalIDString = 6D3FB8EA29682A97008CB800;
			remoteInfo = WeatherJun;
		};
/* End PBXContainerItemProxy section */

/* Begin PBXFileReference section */
		306EA8DB57767AACFC2BBB17 /* Pods_WeatherJun.framework */ = {isa = PBXFileReference; explicitFileType = wrapper.framework; includeInIndex = 0; path = Pods_WeatherJun.framework; sourceTree = BUILT_PRODUCTS_DIR; };
		31B97EA04C6DC3ECC32D84F6 /* Pods_WeatherJunTests.framework */ = {isa = PBXFileReference; explicitFileType = wrapper.framework; includeInIndex = 0; path = Pods_WeatherJunTests.framework; sourceTree = BUILT_PRODUCTS_DIR; };
		46D46D0D1A49CFC3AA1F8B18 /* Pods-WeatherJunTests.debug.xcconfig */ = {isa = PBXFileReference; includeInIndex = 1; lastKnownFileType = text.xcconfig; name = "Pods-WeatherJunTests.debug.xcconfig"; path = "Target Support Files/Pods-WeatherJunTests/Pods-WeatherJunTests.debug.xcconfig"; sourceTree = "<group>"; };
		6043A998BC6CD6771F22DDC1 /* Pods-WeatherJun.debug.xcconfig */ = {isa = PBXFileReference; includeInIndex = 1; lastKnownFileType = text.xcconfig; name = "Pods-WeatherJun.debug.xcconfig"; path = "Target Support Files/Pods-WeatherJun/Pods-WeatherJun.debug.xcconfig"; sourceTree = "<group>"; };
		6D291017296B457A00D5E81D /* addCity.swift */ = {isa = PBXFileReference; lastKnownFileType = sourcecode.swift; path = addCity.swift; sourceTree = "<group>"; };
		6D3FB8EB29682A97008CB800 /* WeatherJun.app */ = {isa = PBXFileReference; explicitFileType = wrapper.application; includeInIndex = 0; path = WeatherJun.app; sourceTree = BUILT_PRODUCTS_DIR; };
		6D3FB8EE29682A97008CB800 /* AppDelegate.swift */ = {isa = PBXFileReference; lastKnownFileType = sourcecode.swift; path = AppDelegate.swift; sourceTree = "<group>"; };
		6D3FB8F029682A97008CB800 /* SceneDelegate.swift */ = {isa = PBXFileReference; lastKnownFileType = sourcecode.swift; path = SceneDelegate.swift; sourceTree = "<group>"; };
		6D3FB8F529682A97008CB800 /* Base */ = {isa = PBXFileReference; lastKnownFileType = file.storyboard; name = Base; path = Base.lproj/Main.storyboard; sourceTree = "<group>"; };
		6D3FB8F729682A98008CB800 /* Assets.xcassets */ = {isa = PBXFileReference; lastKnownFileType = folder.assetcatalog; path = Assets.xcassets; sourceTree = "<group>"; };
		6D3FB8FA29682A98008CB800 /* Base */ = {isa = PBXFileReference; lastKnownFileType = file.storyboard; name = Base; path = Base.lproj/LaunchScreen.storyboard; sourceTree = "<group>"; };
		6D3FB8FC29682A98008CB800 /* Info.plist */ = {isa = PBXFileReference; lastKnownFileType = text.plist.xml; path = Info.plist; sourceTree = "<group>"; };
		6D3FB90129682A98008CB800 /* WeatherJunTests.xctest */ = {isa = PBXFileReference; explicitFileType = wrapper.cfbundle; includeInIndex = 0; path = WeatherJunTests.xctest; sourceTree = BUILT_PRODUCTS_DIR; };
		6D3FB90529682A98008CB800 /* WeatherJunTests.swift */ = {isa = PBXFileReference; lastKnownFileType = sourcecode.swift; path = WeatherJunTests.swift; sourceTree = "<group>"; };
		6D3FB90B29682A98008CB800 /* WeatherJunUITests.xctest */ = {isa = PBXFileReference; explicitFileType = wrapper.cfbundle; includeInIndex = 0; path = WeatherJunUITests.xctest; sourceTree = BUILT_PRODUCTS_DIR; };
		6D3FB90F29682A98008CB800 /* WeatherJunUITests.swift */ = {isa = PBXFileReference; lastKnownFileType = sourcecode.swift; path = WeatherJunUITests.swift; sourceTree = "<group>"; };
		6D3FB91129682A98008CB800 /* WeatherJunUITestsLaunchTests.swift */ = {isa = PBXFileReference; lastKnownFileType = sourcecode.swift; path = WeatherJunUITestsLaunchTests.swift; sourceTree = "<group>"; };
		6D3FB91E29682BC7008CB800 /* ListTVC.swift */ = {isa = PBXFileReference; lastKnownFileType = sourcecode.swift; path = ListTVC.swift; sourceTree = "<group>"; };
		6D6FB92B2969866700AD6EF4 /* ListCell.swift */ = {isa = PBXFileReference; lastKnownFileType = sourcecode.swift; path = ListCell.swift; sourceTree = "<group>"; };
		6D6FB92D29698DC500AD6EF4 /* DetailVC.swift */ = {isa = PBXFileReference; lastKnownFileType = sourcecode.swift; path = DetailVC.swift; sourceTree = "<group>"; };
		6DBC1C67296948A2002E35D4 /* Constant.swift */ = {isa = PBXFileReference; lastKnownFileType = sourcecode.swift; path = Constant.swift; sourceTree = "<group>"; };
		6DBC1C692969496E002E35D4 /* NetworkWeatherManager.swift */ = {isa = PBXFileReference; lastKnownFileType = sourcecode.swift; path = NetworkWeatherManager.swift; sourceTree = "<group>"; };
		6DBC1C6B29694AF6002E35D4 /* WeatherData.swift */ = {isa = PBXFileReference; lastKnownFileType = sourcecode.swift; path = WeatherData.swift; sourceTree = "<group>"; };
		6DBC1C6D2969501C002E35D4 /* Weather.swift */ = {isa = PBXFileReference; lastKnownFileType = sourcecode.swift; path = Weather.swift; sourceTree = "<group>"; };
		6DBC1C6F29696082002E35D4 /* GetCitiesWeather.swift */ = {isa = PBXFileReference; lastKnownFileType = sourcecode.swift; path = GetCitiesWeather.swift; sourceTree = "<group>"; };
		7B9E205D12CF044AEC91276C /* Pods-WeatherJun-WeatherJunUITests.release.xcconfig */ = {isa = PBXFileReference; includeInIndex = 1; lastKnownFileType = text.xcconfig; name = "Pods-WeatherJun-WeatherJunUITests.release.xcconfig"; path = "Target Support Files/Pods-WeatherJun-WeatherJunUITests/Pods-WeatherJun-WeatherJunUITests.release.xcconfig"; sourceTree = "<group>"; };
		8BEB144E1462543AC45599B5 /* Pods_WeatherJun_WeatherJunUITests.framework */ = {isa = PBXFileReference; explicitFileType = wrapper.framework; includeInIndex = 0; path = Pods_WeatherJun_WeatherJunUITests.framework; sourceTree = BUILT_PRODUCTS_DIR; };
		8C2E52460041BACF5393B5B0 /* Pods-WeatherJun.release.xcconfig */ = {isa = PBXFileReference; includeInIndex = 1; lastKnownFileType = text.xcconfig; name = "Pods-WeatherJun.release.xcconfig"; path = "Target Support Files/Pods-WeatherJun/Pods-WeatherJun.release.xcconfig"; sourceTree = "<group>"; };
		ECDECAFBDE992C54DD48E145 /* Pods-WeatherJun-WeatherJunUITests.debug.xcconfig */ = {isa = PBXFileReference; includeInIndex = 1; lastKnownFileType = text.xcconfig; name = "Pods-WeatherJun-WeatherJunUITests.debug.xcconfig"; path = "Target Support Files/Pods-WeatherJun-WeatherJunUITests/Pods-WeatherJun-WeatherJunUITests.debug.xcconfig"; sourceTree = "<group>"; };
		FFE497792CCC24C8721054C7 /* Pods-WeatherJunTests.release.xcconfig */ = {isa = PBXFileReference; includeInIndex = 1; lastKnownFileType = text.xcconfig; name = "Pods-WeatherJunTests.release.xcconfig"; path = "Target Support Files/Pods-WeatherJunTests/Pods-WeatherJunTests.release.xcconfig"; sourceTree = "<group>"; };
/* End PBXFileReference section */

/* Begin PBXFrameworksBuildPhase section */
		6D3FB8E829682A97008CB800 /* Frameworks */ = {
			isa = PBXFrameworksBuildPhase;
			buildActionMask = 2147483647;
			files = (
				7403902E8AD78D54E06CEE5F /* Pods_WeatherJun.framework in Frameworks */,
			);
			runOnlyForDeploymentPostprocessing = 0;
		};
		6D3FB8FE29682A98008CB800 /* Frameworks */ = {
			isa = PBXFrameworksBuildPhase;
			buildActionMask = 2147483647;
			files = (
				E917E35CC2E1092BFCEF8C4F /* Pods_WeatherJunTests.framework in Frameworks */,
			);
			runOnlyForDeploymentPostprocessing = 0;
		};
		6D3FB90829682A98008CB800 /* Frameworks */ = {
			isa = PBXFrameworksBuildPhase;
			buildActionMask = 2147483647;
			files = (
				BF5AC138863CE8BD2011DD56 /* Pods_WeatherJun_WeatherJunUITests.framework in Frameworks */,
			);
			runOnlyForDeploymentPostprocessing = 0;
		};
/* End PBXFrameworksBuildPhase section */

/* Begin PBXGroup section */
		6275212E8B34BE6DC480DC6F /* Pods */ = {
			isa = PBXGroup;
			children = (
				6043A998BC6CD6771F22DDC1 /* Pods-WeatherJun.debug.xcconfig */,
				8C2E52460041BACF5393B5B0 /* Pods-WeatherJun.release.xcconfig */,
				ECDECAFBDE992C54DD48E145 /* Pods-WeatherJun-WeatherJunUITests.debug.xcconfig */,
				7B9E205D12CF044AEC91276C /* Pods-WeatherJun-WeatherJunUITests.release.xcconfig */,
				46D46D0D1A49CFC3AA1F8B18 /* Pods-WeatherJunTests.debug.xcconfig */,
				FFE497792CCC24C8721054C7 /* Pods-WeatherJunTests.release.xcconfig */,
			);
			path = Pods;
			sourceTree = "<group>";
		};
		6D3FB8E229682A97008CB800 = {
			isa = PBXGroup;
			children = (
				6D3FB8ED29682A97008CB800 /* WeatherJun */,
				6D3FB90429682A98008CB800 /* WeatherJunTests */,
				6D3FB90E29682A98008CB800 /* WeatherJunUITests */,
				6D3FB8EC29682A97008CB800 /* Products */,
				6275212E8B34BE6DC480DC6F /* Pods */,
				BC9D3966DA71F3E1EFEBE6EA /* Frameworks */,
			);
			sourceTree = "<group>";
		};
		6D3FB8EC29682A97008CB800 /* Products */ = {
			isa = PBXGroup;
			children = (
				6D3FB8EB29682A97008CB800 /* WeatherJun.app */,
				6D3FB90129682A98008CB800 /* WeatherJunTests.xctest */,
				6D3FB90B29682A98008CB800 /* WeatherJunUITests.xctest */,
			);
			name = Products;
			sourceTree = "<group>";
		};
		6D3FB8ED29682A97008CB800 /* WeatherJun */ = {
			isa = PBXGroup;
			children = (
				6DBC1C6429694434002E35D4 /* Model */,
				6DBC1C652969443D002E35D4 /* View */,
				6DBC1C6629694445002E35D4 /* Supporting files */,
			);
			path = WeatherJun;
			sourceTree = "<group>";
		};
		6D3FB90429682A98008CB800 /* WeatherJunTests */ = {
			isa = PBXGroup;
			children = (
				6D3FB90529682A98008CB800 /* WeatherJunTests.swift */,
			);
			path = WeatherJunTests;
			sourceTree = "<group>";
		};
		6D3FB90E29682A98008CB800 /* WeatherJunUITests */ = {
			isa = PBXGroup;
			children = (
				6D3FB90F29682A98008CB800 /* WeatherJunUITests.swift */,
				6D3FB91129682A98008CB800 /* WeatherJunUITestsLaunchTests.swift */,
			);
			path = WeatherJunUITests;
			sourceTree = "<group>";
		};
		6DBC1C6429694434002E35D4 /* Model */ = {
			isa = PBXGroup;
			children = (
				6DBC1C692969496E002E35D4 /* NetworkWeatherManager.swift */,
				6DBC1C6B29694AF6002E35D4 /* WeatherData.swift */,
				6DBC1C6D2969501C002E35D4 /* Weather.swift */,
				6DBC1C6F29696082002E35D4 /* GetCitiesWeather.swift */,
				6D6FB92B2969866700AD6EF4 /* ListCell.swift */,
				6D291017296B457A00D5E81D /* addCity.swift */,
			);
			path = Model;
			sourceTree = "<group>";
		};
		6DBC1C652969443D002E35D4 /* View */ = {
			isa = PBXGroup;
			children = (
				6D3FB91E29682BC7008CB800 /* ListTVC.swift */,
				6D6FB92D29698DC500AD6EF4 /* DetailVC.swift */,
				6D3FB8F429682A97008CB800 /* Main.storyboard */,
				6D3FB8F929682A98008CB800 /* LaunchScreen.storyboard */,
			);
			path = View;
			sourceTree = "<group>";
		};
		6DBC1C6629694445002E35D4 /* Supporting files */ = {
			isa = PBXGroup;
			children = (
				6D3FB8EE29682A97008CB800 /* AppDelegate.swift */,
				6D3FB8F029682A97008CB800 /* SceneDelegate.swift */,
				6D3FB8F729682A98008CB800 /* Assets.xcassets */,
				6D3FB8FC29682A98008CB800 /* Info.plist */,
				6DBC1C67296948A2002E35D4 /* Constant.swift */,
			);
			path = "Supporting files";
			sourceTree = "<group>";
		};
		BC9D3966DA71F3E1EFEBE6EA /* Frameworks */ = {
			isa = PBXGroup;
			children = (
				306EA8DB57767AACFC2BBB17 /* Pods_WeatherJun.framework */,
				8BEB144E1462543AC45599B5 /* Pods_WeatherJun_WeatherJunUITests.framework */,
				31B97EA04C6DC3ECC32D84F6 /* Pods_WeatherJunTests.framework */,
			);
			name = Frameworks;
			sourceTree = "<group>";
		};
/* End PBXGroup section */

/* Begin PBXNativeTarget section */
		6D3FB8EA29682A97008CB800 /* WeatherJun */ = {
			isa = PBXNativeTarget;
			buildConfigurationList = 6D3FB91529682A98008CB800 /* Build configuration list for PBXNativeTarget "WeatherJun" */;
			buildPhases = (
				E8446E3A4ED920EC2D169F24 /* [CP] Check Pods Manifest.lock */,
				6D3FB8E729682A97008CB800 /* Sources */,
				6D3FB8E829682A97008CB800 /* Frameworks */,
				6D3FB8E929682A97008CB800 /* Resources */,
				9F8A203B452F75954D057DE4 /* [CP] Embed Pods Frameworks */,
			);
			buildRules = (
			);
			dependencies = (
			);
			name = WeatherJun;
			productName = WeatherJun;
			productReference = 6D3FB8EB29682A97008CB800 /* WeatherJun.app */;
			productType = "com.apple.product-type.application";
		};
		6D3FB90029682A98008CB800 /* WeatherJunTests */ = {
			isa = PBXNativeTarget;
			buildConfigurationList = 6D3FB91829682A98008CB800 /* Build configuration list for PBXNativeTarget "WeatherJunTests" */;
			buildPhases = (
				012DBD5C2E3FF290777F451F /* [CP] Check Pods Manifest.lock */,
				6D3FB8FD29682A98008CB800 /* Sources */,
				6D3FB8FE29682A98008CB800 /* Frameworks */,
				6D3FB8FF29682A98008CB800 /* Resources */,
			);
			buildRules = (
			);
			dependencies = (
				6D3FB90329682A98008CB800 /* PBXTargetDependency */,
			);
			name = WeatherJunTests;
			productName = WeatherJunTests;
			productReference = 6D3FB90129682A98008CB800 /* WeatherJunTests.xctest */;
			productType = "com.apple.product-type.bundle.unit-test";
		};
		6D3FB90A29682A98008CB800 /* WeatherJunUITests */ = {
			isa = PBXNativeTarget;
			buildConfigurationList = 6D3FB91B29682A98008CB800 /* Build configuration list for PBXNativeTarget "WeatherJunUITests" */;
			buildPhases = (
				5152DA40B630E03CA961B80E /* [CP] Check Pods Manifest.lock */,
				6D3FB90729682A98008CB800 /* Sources */,
				6D3FB90829682A98008CB800 /* Frameworks */,
				6D3FB90929682A98008CB800 /* Resources */,
				8110F2DF8B4DC29AE7F1511A /* [CP] Embed Pods Frameworks */,
			);
			buildRules = (
			);
			dependencies = (
				6D3FB90D29682A98008CB800 /* PBXTargetDependency */,
			);
			name = WeatherJunUITests;
			productName = WeatherJunUITests;
			productReference = 6D3FB90B29682A98008CB800 /* WeatherJunUITests.xctest */;
			productType = "com.apple.product-type.bundle.ui-testing";
		};
/* End PBXNativeTarget section */

/* Begin PBXProject section */
		6D3FB8E329682A97008CB800 /* Project object */ = {
			isa = PBXProject;
			attributes = {
				BuildIndependentTargetsInParallel = 1;
				LastSwiftUpdateCheck = 1410;
				LastUpgradeCheck = 1410;
				TargetAttributes = {
					6D3FB8EA29682A97008CB800 = {
						CreatedOnToolsVersion = 14.1;
					};
					6D3FB90029682A98008CB800 = {
						CreatedOnToolsVersion = 14.1;
						TestTargetID = 6D3FB8EA29682A97008CB800;
					};
					6D3FB90A29682A98008CB800 = {
						CreatedOnToolsVersion = 14.1;
						TestTargetID = 6D3FB8EA29682A97008CB800;
					};
				};
			};
			buildConfigurationList = 6D3FB8E629682A97008CB800 /* Build configuration list for PBXProject "WeatherJun" */;
			compatibilityVersion = "Xcode 14.0";
			developmentRegion = en;
			hasScannedForEncodings = 0;
			knownRegions = (
				en,
				Base,
			);
			mainGroup = 6D3FB8E229682A97008CB800;
			productRefGroup = 6D3FB8EC29682A97008CB800 /* Products */;
			projectDirPath = "";
			projectRoot = "";
			targets = (
				6D3FB8EA29682A97008CB800 /* WeatherJun */,
				6D3FB90029682A98008CB800 /* WeatherJunTests */,
				6D3FB90A29682A98008CB800 /* WeatherJunUITests */,
			);
		};
/* End PBXProject section */

/* Begin PBXResourcesBuildPhase section */
		6D3FB8E929682A97008CB800 /* Resources */ = {
			isa = PBXResourcesBuildPhase;
			buildActionMask = 2147483647;
			files = (
				6D3FB8FB29682A98008CB800 /* LaunchScreen.storyboard in Resources */,
				6D3FB8F829682A98008CB800 /* Assets.xcassets in Resources */,
				6D3FB8F629682A97008CB800 /* Main.storyboard in Resources */,
			);
			runOnlyForDeploymentPostprocessing = 0;
		};
		6D3FB8FF29682A98008CB800 /* Resources */ = {
			isa = PBXResourcesBuildPhase;
			buildActionMask = 2147483647;
			files = (
			);
			runOnlyForDeploymentPostprocessing = 0;
		};
		6D3FB90929682A98008CB800 /* Resources */ = {
			isa = PBXResourcesBuildPhase;
			buildActionMask = 2147483647;
			files = (
			);
			runOnlyForDeploymentPostprocessing = 0;
		};
/* End PBXResourcesBuildPhase section */

/* Begin PBXShellScriptBuildPhase section */
		012DBD5C2E3FF290777F451F /* [CP] Check Pods Manifest.lock */ = {
			isa = PBXShellScriptBuildPhase;
			buildActionMask = 2147483647;
			files = (
			);
			inputFileListPaths = (
			);
			inputPaths = (
				"${PODS_PODFILE_DIR_PATH}/Podfile.lock",
				"${PODS_ROOT}/Manifest.lock",
			);
			name = "[CP] Check Pods Manifest.lock";
			outputFileListPaths = (
			);
			outputPaths = (
				"$(DERIVED_FILE_DIR)/Pods-WeatherJunTests-checkManifestLockResult.txt",
			);
			runOnlyForDeploymentPostprocessing = 0;
			shellPath = /bin/sh;
			shellScript = "diff \"${PODS_PODFILE_DIR_PATH}/Podfile.lock\" \"${PODS_ROOT}/Manifest.lock\" > /dev/null\nif [ $? != 0 ] ; then\n    # print error to STDERR\n    echo \"error: The sandbox is not in sync with the Podfile.lock. Run 'pod install' or update your CocoaPods installation.\" >&2\n    exit 1\nfi\n# This output is used by Xcode 'outputs' to avoid re-running this script phase.\necho \"SUCCESS\" > \"${SCRIPT_OUTPUT_FILE_0}\"\n";
			showEnvVarsInLog = 0;
		};
		5152DA40B630E03CA961B80E /* [CP] Check Pods Manifest.lock */ = {
			isa = PBXShellScriptBuildPhase;
			buildActionMask = 2147483647;
			files = (
			);
			inputFileListPaths = (
			);
			inputPaths = (
				"${PODS_PODFILE_DIR_PATH}/Podfile.lock",
				"${PODS_ROOT}/Manifest.lock",
			);
			name = "[CP] Check Pods Manifest.lock";
			outputFileListPaths = (
			);
			outputPaths = (
				"$(DERIVED_FILE_DIR)/Pods-WeatherJun-WeatherJunUITests-checkManifestLockResult.txt",
			);
			runOnlyForDeploymentPostprocessing = 0;
			shellPath = /bin/sh;
			shellScript = "diff \"${PODS_PODFILE_DIR_PATH}/Podfile.lock\" \"${PODS_ROOT}/Manifest.lock\" > /dev/null\nif [ $? != 0 ] ; then\n    # print error to STDERR\n    echo \"error: The sandbox is not in sync with the Podfile.lock. Run 'pod install' or update your CocoaPods installation.\" >&2\n    exit 1\nfi\n# This output is used by Xcode 'outputs' to avoid re-running this script phase.\necho \"SUCCESS\" > \"${SCRIPT_OUTPUT_FILE_0}\"\n";
			showEnvVarsInLog = 0;
		};
		8110F2DF8B4DC29AE7F1511A /* [CP] Embed Pods Frameworks */ = {
			isa = PBXShellScriptBuildPhase;
			buildActionMask = 2147483647;
			files = (
			);
			inputFileListPaths = (
				"${PODS_ROOT}/Target Support Files/Pods-WeatherJun-WeatherJunUITests/Pods-WeatherJun-WeatherJunUITests-frameworks-${CONFIGURATION}-input-files.xcfilelist",
			);
			name = "[CP] Embed Pods Frameworks";
			outputFileListPaths = (
				"${PODS_ROOT}/Target Support Files/Pods-WeatherJun-WeatherJunUITests/Pods-WeatherJun-WeatherJunUITests-frameworks-${CONFIGURATION}-output-files.xcfilelist",
			);
			runOnlyForDeploymentPostprocessing = 0;
			shellPath = /bin/sh;
			shellScript = "\"${PODS_ROOT}/Target Support Files/Pods-WeatherJun-WeatherJunUITests/Pods-WeatherJun-WeatherJunUITests-frameworks.sh\"\n";
			showEnvVarsInLog = 0;
		};
		9F8A203B452F75954D057DE4 /* [CP] Embed Pods Frameworks */ = {
			isa = PBXShellScriptBuildPhase;
			buildActionMask = 2147483647;
			files = (
			);
			inputFileListPaths = (
				"${PODS_ROOT}/Target Support Files/Pods-WeatherJun/Pods-WeatherJun-frameworks-${CONFIGURATION}-input-files.xcfilelist",
			);
			name = "[CP] Embed Pods Frameworks";
			outputFileListPaths = (
				"${PODS_ROOT}/Target Support Files/Pods-WeatherJun/Pods-WeatherJun-frameworks-${CONFIGURATION}-output-files.xcfilelist",
			);
			runOnlyForDeploymentPostprocessing = 0;
			shellPath = /bin/sh;
			shellScript = "\"${PODS_ROOT}/Target Support Files/Pods-WeatherJun/Pods-WeatherJun-frameworks.sh\"\n";
			showEnvVarsInLog = 0;
		};
		E8446E3A4ED920EC2D169F24 /* [CP] Check Pods Manifest.lock */ = {
			isa = PBXShellScriptBuildPhase;
			buildActionMask = 2147483647;
			files = (
			);
			inputFileListPaths = (
			);
			inputPaths = (
				"${PODS_PODFILE_DIR_PATH}/Podfile.lock",
				"${PODS_ROOT}/Manifest.lock",
			);
			name = "[CP] Check Pods Manifest.lock";
			outputFileListPaths = (
			);
			outputPaths = (
				"$(DERIVED_FILE_DIR)/Pods-WeatherJun-checkManifestLockResult.txt",
			);
			runOnlyForDeploymentPostprocessing = 0;
			shellPath = /bin/sh;
			shellScript = "diff \"${PODS_PODFILE_DIR_PATH}/Podfile.lock\" \"${PODS_ROOT}/Manifest.lock\" > /dev/null\nif [ $? != 0 ] ; then\n    # print error to STDERR\n    echo \"error: The sandbox is not in sync with the Podfile.lock. Run 'pod install' or update your CocoaPods installation.\" >&2\n    exit 1\nfi\n# This output is used by Xcode 'outputs' to avoid re-running this script phase.\necho \"SUCCESS\" > \"${SCRIPT_OUTPUT_FILE_0}\"\n";
			showEnvVarsInLog = 0;
		};
/* End PBXShellScriptBuildPhase section */

/* Begin PBXSourcesBuildPhase section */
		6D3FB8E729682A97008CB800 /* Sources */ = {
			isa = PBXSourcesBuildPhase;
			buildActionMask = 2147483647;
			files = (
				6D3FB91F29682BC7008CB800 /* ListTVC.swift in Sources */,
				6D291018296B457A00D5E81D /* addCity.swift in Sources */,
				6D3FB8EF29682A97008CB800 /* AppDelegate.swift in Sources */,
				6DBC1C7029696082002E35D4 /* GetCitiesWeather.swift in Sources */,
				6DBC1C6A2969496E002E35D4 /* NetworkWeatherManager.swift in Sources */,
				6D3FB8F129682A97008CB800 /* SceneDelegate.swift in Sources */,
				6D6FB92E29698DC500AD6EF4 /* DetailVC.swift in Sources */,
				6DBC1C6C29694AF6002E35D4 /* WeatherData.swift in Sources */,
				6D6FB92C2969866700AD6EF4 /* ListCell.swift in Sources */,
				6DBC1C68296948A2002E35D4 /* Constant.swift in Sources */,
				6DBC1C6E2969501C002E35D4 /* Weather.swift in Sources */,
			);
			runOnlyForDeploymentPostprocessing = 0;
		};
		6D3FB8FD29682A98008CB800 /* Sources */ = {
			isa = PBXSourcesBuildPhase;
			buildActionMask = 2147483647;
			files = (
				6D3FB90629682A98008CB800 /* WeatherJunTests.swift in Sources */,
			);
			runOnlyForDeploymentPostprocessing = 0;
		};
		6D3FB90729682A98008CB800 /* Sources */ = {
			isa = PBXSourcesBuildPhase;
			buildActionMask = 2147483647;
			files = (
				6D3FB91029682A98008CB800 /* WeatherJunUITests.swift in Sources */,
				6D3FB91229682A98008CB800 /* WeatherJunUITestsLaunchTests.swift in Sources */,
			);
			runOnlyForDeploymentPostprocessing = 0;
		};
/* End PBXSourcesBuildPhase section */

/* Begin PBXTargetDependency section */
		6D3FB90329682A98008CB800 /* PBXTargetDependency */ = {
			isa = PBXTargetDependency;
			target = 6D3FB8EA29682A97008CB800 /* WeatherJun */;
			targetProxy = 6D3FB90229682A98008CB800 /* PBXContainerItemProxy */;
		};
		6D3FB90D29682A98008CB800 /* PBXTargetDependency */ = {
			isa = PBXTargetDependency;
			target = 6D3FB8EA29682A97008CB800 /* WeatherJun */;
			targetProxy = 6D3FB90C29682A98008CB800 /* PBXContainerItemProxy */;
		};
/* End PBXTargetDependency section */

/* Begin PBXVariantGroup section */
		6D3FB8F429682A97008CB800 /* Main.storyboard */ = {
			isa = PBXVariantGroup;
			children = (
				6D3FB8F529682A97008CB800 /* Base */,
			);
			name = Main.storyboard;
			sourceTree = "<group>";
		};
		6D3FB8F929682A98008CB800 /* LaunchScreen.storyboard */ = {
			isa = PBXVariantGroup;
			children = (
				6D3FB8FA29682A98008CB800 /* Base */,
			);
			name = LaunchScreen.storyboard;
			sourceTree = "<group>";
		};
/* End PBXVariantGroup section */

/* Begin XCBuildConfiguration section */
		6D3FB91329682A98008CB800 /* Debug */ = {
			isa = XCBuildConfiguration;
			buildSettings = {
				ALWAYS_SEARCH_USER_PATHS = NO;
				CLANG_ANALYZER_NONNULL = YES;
				CLANG_ANALYZER_NUMBER_OBJECT_CONVERSION = YES_AGGRESSIVE;
				CLANG_CXX_LANGUAGE_STANDARD = "gnu++20";
				CLANG_ENABLE_MODULES = YES;
				CLANG_ENABLE_OBJC_ARC = YES;
				CLANG_ENABLE_OBJC_WEAK = YES;
				CLANG_WARN_BLOCK_CAPTURE_AUTORELEASING = YES;
				CLANG_WARN_BOOL_CONVERSION = YES;
				CLANG_WARN_COMMA = YES;
				CLANG_WARN_CONSTANT_CONVERSION = YES;
				CLANG_WARN_DEPRECATED_OBJC_IMPLEMENTATIONS = YES;
				CLANG_WARN_DIRECT_OBJC_ISA_USAGE = YES_ERROR;
				CLANG_WARN_DOCUMENTATION_COMMENTS = YES;
				CLANG_WARN_EMPTY_BODY = YES;
				CLANG_WARN_ENUM_CONVERSION = YES;
				CLANG_WARN_INFINITE_RECURSION = YES;
				CLANG_WARN_INT_CONVERSION = YES;
				CLANG_WARN_NON_LITERAL_NULL_CONVERSION = YES;
				CLANG_WARN_OBJC_IMPLICIT_RETAIN_SELF = YES;
				CLANG_WARN_OBJC_LITERAL_CONVERSION = YES;
				CLANG_WARN_OBJC_ROOT_CLASS = YES_ERROR;
				CLANG_WARN_QUOTED_INCLUDE_IN_FRAMEWORK_HEADER = YES;
				CLANG_WARN_RANGE_LOOP_ANALYSIS = YES;
				CLANG_WARN_STRICT_PROTOTYPES = YES;
				CLANG_WARN_SUSPICIOUS_MOVE = YES;
				CLANG_WARN_UNGUARDED_AVAILABILITY = YES_AGGRESSIVE;
				CLANG_WARN_UNREACHABLE_CODE = YES;
				CLANG_WARN__DUPLICATE_METHOD_MATCH = YES;
				COPY_PHASE_STRIP = NO;
				DEBUG_INFORMATION_FORMAT = dwarf;
				ENABLE_STRICT_OBJC_MSGSEND = YES;
				ENABLE_TESTABILITY = YES;
				GCC_C_LANGUAGE_STANDARD = gnu11;
				GCC_DYNAMIC_NO_PIC = NO;
				GCC_NO_COMMON_BLOCKS = YES;
				GCC_OPTIMIZATION_LEVEL = 0;
				GCC_PREPROCESSOR_DEFINITIONS = (
					"DEBUG=1",
					"$(inherited)",
				);
				GCC_WARN_64_TO_32_BIT_CONVERSION = YES;
				GCC_WARN_ABOUT_RETURN_TYPE = YES_ERROR;
				GCC_WARN_UNDECLARED_SELECTOR = YES;
				GCC_WARN_UNINITIALIZED_AUTOS = YES_AGGRESSIVE;
				GCC_WARN_UNUSED_FUNCTION = YES;
				GCC_WARN_UNUSED_VARIABLE = YES;
				IPHONEOS_DEPLOYMENT_TARGET = 16.1;
				MTL_ENABLE_DEBUG_INFO = INCLUDE_SOURCE;
				MTL_FAST_MATH = YES;
				ONLY_ACTIVE_ARCH = YES;
				SDKROOT = iphoneos;
				SWIFT_ACTIVE_COMPILATION_CONDITIONS = DEBUG;
				SWIFT_OPTIMIZATION_LEVEL = "-Onone";
			};
			name = Debug;
		};
		6D3FB91429682A98008CB800 /* Release */ = {
			isa = XCBuildConfiguration;
			buildSettings = {
				ALWAYS_SEARCH_USER_PATHS = NO;
				CLANG_ANALYZER_NONNULL = YES;
				CLANG_ANALYZER_NUMBER_OBJECT_CONVERSION = YES_AGGRESSIVE;
				CLANG_CXX_LANGUAGE_STANDARD = "gnu++20";
				CLANG_ENABLE_MODULES = YES;
				CLANG_ENABLE_OBJC_ARC = YES;
				CLANG_ENABLE_OBJC_WEAK = YES;
				CLANG_WARN_BLOCK_CAPTURE_AUTORELEASING = YES;
				CLANG_WARN_BOOL_CONVERSION = YES;
				CLANG_WARN_COMMA = YES;
				CLANG_WARN_CONSTANT_CONVERSION = YES;
				CLANG_WARN_DEPRECATED_OBJC_IMPLEMENTATIONS = YES;
				CLANG_WARN_DIRECT_OBJC_ISA_USAGE = YES_ERROR;
				CLANG_WARN_DOCUMENTATION_COMMENTS = YES;
				CLANG_WARN_EMPTY_BODY = YES;
				CLANG_WARN_ENUM_CONVERSION = YES;
				CLANG_WARN_INFINITE_RECURSION = YES;
				CLANG_WARN_INT_CONVERSION = YES;
				CLANG_WARN_NON_LITERAL_NULL_CONVERSION = YES;
				CLANG_WARN_OBJC_IMPLICIT_RETAIN_SELF = YES;
				CLANG_WARN_OBJC_LITERAL_CONVERSION = YES;
				CLANG_WARN_OBJC_ROOT_CLASS = YES_ERROR;
				CLANG_WARN_QUOTED_INCLUDE_IN_FRAMEWORK_HEADER = YES;
				CLANG_WARN_RANGE_LOOP_ANALYSIS = YES;
				CLANG_WARN_STRICT_PROTOTYPES = YES;
				CLANG_WARN_SUSPICIOUS_MOVE = YES;
				CLANG_WARN_UNGUARDED_AVAILABILITY = YES_AGGRESSIVE;
				CLANG_WARN_UNREACHABLE_CODE = YES;
				CLANG_WARN__DUPLICATE_METHOD_MATCH = YES;
				COPY_PHASE_STRIP = NO;
				DEBUG_INFORMATION_FORMAT = "dwarf-with-dsym";
				ENABLE_NS_ASSERTIONS = NO;
				ENABLE_STRICT_OBJC_MSGSEND = YES;
				GCC_C_LANGUAGE_STANDARD = gnu11;
				GCC_NO_COMMON_BLOCKS = YES;
				GCC_WARN_64_TO_32_BIT_CONVERSION = YES;
				GCC_WARN_ABOUT_RETURN_TYPE = YES_ERROR;
				GCC_WARN_UNDECLARED_SELECTOR = YES;
				GCC_WARN_UNINITIALIZED_AUTOS = YES_AGGRESSIVE;
				GCC_WARN_UNUSED_FUNCTION = YES;
				GCC_WARN_UNUSED_VARIABLE = YES;
				IPHONEOS_DEPLOYMENT_TARGET = 16.1;
				MTL_ENABLE_DEBUG_INFO = NO;
				MTL_FAST_MATH = YES;
				SDKROOT = iphoneos;
				SWIFT_COMPILATION_MODE = wholemodule;
				SWIFT_OPTIMIZATION_LEVEL = "-O";
				VALIDATE_PRODUCT = YES;
			};
			name = Release;
		};
		6D3FB91629682A98008CB800 /* Debug */ = {
			isa = XCBuildConfiguration;
			baseConfigurationReference = 6043A998BC6CD6771F22DDC1 /* Pods-WeatherJun.debug.xcconfig */;
			buildSettings = {
				ASSETCATALOG_COMPILER_APPICON_NAME = AppIcon;
				ASSETCATALOG_COMPILER_GLOBAL_ACCENT_COLOR_NAME = AccentColor;
				CODE_SIGN_STYLE = Automatic;
				CURRENT_PROJECT_VERSION = 1;
				GENERATE_INFOPLIST_FILE = YES;
				INFOPLIST_FILE = "WeatherJun/Supporting files/Info.plist";
				INFOPLIST_KEY_UIApplicationSupportsIndirectInputEvents = YES;
				INFOPLIST_KEY_UILaunchStoryboardName = LaunchScreen;
				INFOPLIST_KEY_UIMainStoryboardFile = Main;
				INFOPLIST_KEY_UISupportedInterfaceOrientations_iPad = "UIInterfaceOrientationPortrait UIInterfaceOrientationPortraitUpsideDown UIInterfaceOrientationLandscapeLeft UIInterfaceOrientationLandscapeRight";
				INFOPLIST_KEY_UISupportedInterfaceOrientations_iPhone = "UIInterfaceOrientationPortrait UIInterfaceOrientationLandscapeLeft UIInterfaceOrientationLandscapeRight";
				LD_RUNPATH_SEARCH_PATHS = (
					"$(inherited)",
					"@executable_path/Frameworks",
				);
				MARKETING_VERSION = 1.0;
				PRODUCT_BUNDLE_IDENTIFIER = Damir.WeatherJun;
				PRODUCT_NAME = "$(TARGET_NAME)";
				SWIFT_EMIT_LOC_STRINGS = YES;
				SWIFT_VERSION = 5.0;
				TARGETED_DEVICE_FAMILY = "1,2";
			};
			name = Debug;
		};
		6D3FB91729682A98008CB800 /* Release */ = {
			isa = XCBuildConfiguration;
			baseConfigurationReference = 8C2E52460041BACF5393B5B0 /* Pods-WeatherJun.release.xcconfig */;
			buildSettings = {
				ASSETCATALOG_COMPILER_APPICON_NAME = AppIcon;
				ASSETCATALOG_COMPILER_GLOBAL_ACCENT_COLOR_NAME = AccentColor;
				CODE_SIGN_STYLE = Automatic;
				CURRENT_PROJECT_VERSION = 1;
				GENERATE_INFOPLIST_FILE = YES;
				INFOPLIST_FILE = "WeatherJun/Supporting files/Info.plist";
				INFOPLIST_KEY_UIApplicationSupportsIndirectInputEvents = YES;
				INFOPLIST_KEY_UILaunchStoryboardName = LaunchScreen;
				INFOPLIST_KEY_UIMainStoryboardFile = Main;
				INFOPLIST_KEY_UISupportedInterfaceOrientations_iPad = "UIInterfaceOrientationPortrait UIInterfaceOrientationPortraitUpsideDown UIInterfaceOrientationLandscapeLeft UIInterfaceOrientationLandscapeRight";
				INFOPLIST_KEY_UISupportedInterfaceOrientations_iPhone = "UIInterfaceOrientationPortrait UIInterfaceOrientationLandscapeLeft UIInterfaceOrientationLandscapeRight";
				LD_RUNPATH_SEARCH_PATHS = (
					"$(inherited)",
					"@executable_path/Frameworks",
				);
				MARKETING_VERSION = 1.0;
				PRODUCT_BUNDLE_IDENTIFIER = Damir.WeatherJun;
				PRODUCT_NAME = "$(TARGET_NAME)";
				SWIFT_EMIT_LOC_STRINGS = YES;
				SWIFT_VERSION = 5.0;
				TARGETED_DEVICE_FAMILY = "1,2";
			};
			name = Release;
		};
		6D3FB91929682A98008CB800 /* Debug */ = {
			isa = XCBuildConfiguration;
			baseConfigurationReference = 46D46D0D1A49CFC3AA1F8B18 /* Pods-WeatherJunTests.debug.xcconfig */;
			buildSettings = {
				ALWAYS_EMBED_SWIFT_STANDARD_LIBRARIES = YES;
				BUNDLE_LOADER = "$(TEST_HOST)";
				CODE_SIGN_STYLE = Automatic;
				CURRENT_PROJECT_VERSION = 1;
				GENERATE_INFOPLIST_FILE = YES;
				IPHONEOS_DEPLOYMENT_TARGET = 16.1;
				MARKETING_VERSION = 1.0;
				PRODUCT_BUNDLE_IDENTIFIER = Damir.WeatherJunTests;
				PRODUCT_NAME = "$(TARGET_NAME)";
				SWIFT_EMIT_LOC_STRINGS = NO;
				SWIFT_VERSION = 5.0;
				TARGETED_DEVICE_FAMILY = "1,2";
				TEST_HOST = "$(BUILT_PRODUCTS_DIR)/WeatherJun.app/$(BUNDLE_EXECUTABLE_FOLDER_PATH)/WeatherJun";
			};
			name = Debug;
		};
		6D3FB91A29682A98008CB800 /* Release */ = {
			isa = XCBuildConfiguration;
			baseConfigurationReference = FFE497792CCC24C8721054C7 /* Pods-WeatherJunTests.release.xcconfig */;
			buildSettings = {
				ALWAYS_EMBED_SWIFT_STANDARD_LIBRARIES = YES;
				BUNDLE_LOADER = "$(TEST_HOST)";
				CODE_SIGN_STYLE = Automatic;
				CURRENT_PROJECT_VERSION = 1;
				GENERATE_INFOPLIST_FILE = YES;
				IPHONEOS_DEPLOYMENT_TARGET = 16.1;
				MARKETING_VERSION = 1.0;
				PRODUCT_BUNDLE_IDENTIFIER = Damir.WeatherJunTests;
				PRODUCT_NAME = "$(TARGET_NAME)";
				SWIFT_EMIT_LOC_STRINGS = NO;
				SWIFT_VERSION = 5.0;
				TARGETED_DEVICE_FAMILY = "1,2";
				TEST_HOST = "$(BUILT_PRODUCTS_DIR)/WeatherJun.app/$(BUNDLE_EXECUTABLE_FOLDER_PATH)/WeatherJun";
			};
			name = Release;
		};
		6D3FB91C29682A98008CB800 /* Debug */ = {
			isa = XCBuildConfiguration;
			baseConfigurationReference = ECDECAFBDE992C54DD48E145 /* Pods-WeatherJun-WeatherJunUITests.debug.xcconfig */;
			buildSettings = {
				ALWAYS_EMBED_SWIFT_STANDARD_LIBRARIES = YES;
				CODE_SIGN_STYLE = Automatic;
				CURRENT_PROJECT_VERSION = 1;
				GENERATE_INFOPLIST_FILE = YES;
				MARKETING_VERSION = 1.0;
				PRODUCT_BUNDLE_IDENTIFIER = Damir.WeatherJunUITests;
				PRODUCT_NAME = "$(TARGET_NAME)";
				SWIFT_EMIT_LOC_STRINGS = NO;
				SWIFT_VERSION = 5.0;
				TARGETED_DEVICE_FAMILY = "1,2";
				TEST_TARGET_NAME = WeatherJun;
			};
			name = Debug;
		};
		6D3FB91D29682A98008CB800 /* Release */ = {
			isa = XCBuildConfiguration;
			baseConfigurationReference = 7B9E205D12CF044AEC91276C /* Pods-WeatherJun-WeatherJunUITests.release.xcconfig */;
			buildSettings = {
				ALWAYS_EMBED_SWIFT_STANDARD_LIBRARIES = YES;
				CODE_SIGN_STYLE = Automatic;
				CURRENT_PROJECT_VERSION = 1;
				GENERATE_INFOPLIST_FILE = YES;
				MARKETING_VERSION = 1.0;
				PRODUCT_BUNDLE_IDENTIFIER = Damir.WeatherJunUITests;
				PRODUCT_NAME = "$(TARGET_NAME)";
				SWIFT_EMIT_LOC_STRINGS = NO;
				SWIFT_VERSION = 5.0;
				TARGETED_DEVICE_FAMILY = "1,2";
				TEST_TARGET_NAME = WeatherJun;
			};
			name = Release;
		};
/* End XCBuildConfiguration section */

/* Begin XCConfigurationList section */
		6D3FB8E629682A97008CB800 /* Build configuration list for PBXProject "WeatherJun" */ = {
			isa = XCConfigurationList;
			buildConfigurations = (
				6D3FB91329682A98008CB800 /* Debug */,
				6D3FB91429682A98008CB800 /* Release */,
			);
			defaultConfigurationIsVisible = 0;
			defaultConfigurationName = Release;
		};
		6D3FB91529682A98008CB800 /* Build configuration list for PBXNativeTarget "WeatherJun" */ = {
			isa = XCConfigurationList;
			buildConfigurations = (
				6D3FB91629682A98008CB800 /* Debug */,
				6D3FB91729682A98008CB800 /* Release */,
			);
			defaultConfigurationIsVisible = 0;
			defaultConfigurationName = Release;
		};
		6D3FB91829682A98008CB800 /* Build configuration list for PBXNativeTarget "WeatherJunTests" */ = {
			isa = XCConfigurationList;
			buildConfigurations = (
				6D3FB91929682A98008CB800 /* Debug */,
				6D3FB91A29682A98008CB800 /* Release */,
			);
			defaultConfigurationIsVisible = 0;
			defaultConfigurationName = Release;
		};
		6D3FB91B29682A98008CB800 /* Build configuration list for PBXNativeTarget "WeatherJunUITests" */ = {
			isa = XCConfigurationList;
			buildConfigurations = (
				6D3FB91C29682A98008CB800 /* Debug */,
				6D3FB91D29682A98008CB800 /* Release */,
			);
			defaultConfigurationIsVisible = 0;
			defaultConfigurationName = Release;
		};
/* End XCConfigurationList section */
	};
	rootObject = 6D3FB8E329682A97008CB800 /* Project object */;
}
